
Microsoft Visual Studio Solution File, Format Version 12.00
# Visual Studio Version 17
VisualStudioVersion = 17.9.34714.143
MinimumVisualStudioVersion = 10.0.40219.1
Project("{FAE04EC0-301F-11D3-BF4B-00C04F79EFBC}") = "lõputöö", "lõputöö\lõputöö.csproj", "{8EEAD310-A20C-4406-9DD5-FC04FD40C07D}"
EndProject
Global
	GlobalSection(SolutionConfigurationPlatforms) = preSolution
		Debug|Any CPU = Debug|Any CPU
		Release|Any CPU = Release|Any CPU
	EndGlobalSection
	GlobalSection(ProjectConfigurationPlatforms) = postSolution
		{8EEAD310-A20C-4406-9DD5-FC04FD40C07D}.Debug|Any CPU.ActiveCfg = Debug|Any CPU
		{8EEAD310-A20C-4406-9DD5-FC04FD40C07D}.Debug|Any CPU.Build.0 = Debug|Any CPU
		{8EEAD310-A20C-4406-9DD5-FC04FD40C07D}.Release|Any CPU.ActiveCfg = Release|Any CPU
		{8EEAD310-A20C-4406-9DD5-FC04FD40C07D}.Release|Any CPU.Build.0 = Release|Any CPU
	EndGlobalSection
	GlobalSection(SolutionProperties) = preSolution
		HideSolutionNode = FALSE
	EndGlobalSection
	GlobalSection(ExtensibilityGlobals) = postSolution
		SolutionGuid = {2333DF8A-F49E-4934-97C6-4E5055B8BA3E}
	EndGlobalSection
EndGlobal
